
Microsoft Visual Studio Solution File, Format Version 12.00
# Visual Studio Version 17
VisualStudioVersion = 17.0.31903.59
MinimumVisualStudioVersion = 10.0.40219.1
Project("{FAE04EC0-301F-11D3-BF4B-00C04F79EFBC}") = "WARD-Sharp", "Source\WARD-Sharp.csproj", "{834346E8-0A21-4801-B7F3-9DE1E4E41C69}"
EndProject
Project("{FAE04EC0-301F-11D3-BF4B-00C04F79EFBC}") = "Tests", "Tests\Tests.csproj", "{EC158F1F-8C9C-451B-BA6F-8E8D870D3654}"
EndProject
Global
	GlobalSection(SolutionConfigurationPlatforms) = preSolution
		Debug|Any CPU = Debug|Any CPU
		Release|Any CPU = Release|Any CPU
	EndGlobalSection
	GlobalSection(SolutionProperties) = preSolution
		HideSolutionNode = FALSE
	EndGlobalSection
	GlobalSection(ProjectConfigurationPlatforms) = postSolution
		{834346E8-0A21-4801-B7F3-9DE1E4E41C69}.Debug|Any CPU.ActiveCfg = Debug|Any CPU
		{834346E8-0A21-4801-B7F3-9DE1E4E41C69}.Debug|Any CPU.Build.0 = Debug|Any CPU
		{834346E8-0A21-4801-B7F3-9DE1E4E41C69}.Release|Any CPU.ActiveCfg = Release|Any CPU
		{834346E8-0A21-4801-B7F3-9DE1E4E41C69}.Release|Any CPU.Build.0 = Release|Any CPU
		{EC158F1F-8C9C-451B-BA6F-8E8D870D3654}.Debug|Any CPU.ActiveCfg = Debug|Any CPU
		{EC158F1F-8C9C-451B-BA6F-8E8D870D3654}.Debug|Any CPU.Build.0 = Debug|Any CPU
		{EC158F1F-8C9C-451B-BA6F-8E8D870D3654}.Release|Any CPU.ActiveCfg = Release|Any CPU
		{EC158F1F-8C9C-451B-BA6F-8E8D870D3654}.Release|Any CPU.Build.0 = Release|Any CPU
	EndGlobalSection
EndGlobal
